{
  "originHash" : "8913e070e0c8f756fb3af74bf39e8e720c733de8bfcd20133d3b85edf0a706b9",
  "pins" : [
    {
      "identity" : "ios-maps-sdk",
      "kind" : "remoteSourceControl",
      "location" : "https://github.com/googlemaps/ios-maps-sdk",
      "state" : {
        "revision" : "c37c4946d60f0ab069476d5781053b837771546e",
        "version" : "11.0.0"
      }
    },
    {
      "identity" : "ios-places-sdk",
      "kind" : "remoteSourceControl",
      "location" : "https://github.com/googlemaps/ios-places-sdk",
      "state" : {
        "revision" : "543f4daeaf92200d18bebca6d3cec0864414769d",
        "version" : "11.0.0"
      }
    }
  ],
  "version" : 3
}
